// !$*UTF8*$!
{
	archiveVersion = 1;
	classes = {
	};
	objectVersion = 60;
	objects = {

/* Begin PBXBuildFile section */
		8459C49DD0190DDA25B88360 /* AppEnvironment.swift in Sources */ = {isa = PBXBuildFile; fileRef = D1850B4A18E13A8A2C9E9140 /* AppEnvironment.swift */; };
		B559DA1591FD181A13506091 /* PicImpactApp.swift in Sources */ = {isa = PBXBuildFile; fileRef = FD627A9AAD76FB3A8A6D7DDB /* PicImpactApp.swift */; };
		0B41E8445712D1BAB920ACE7 /* Resources/Assets.xcassets in Resources */ = {isa = PBXBuildFile; fileRef = D73C08992EB6D3A9B787C2D6 /* Resources/Assets.xcassets */; };
		BA8E772C6ADFB26A720EA0B8 /* Resources/Localizable.xcstrings in Resources */ = {isa = PBXBuildFile; fileRef = FE719673B9C90C989A3C89E0 /* Resources/Localizable.xcstrings */; };
		80E258D80648DD2F5BC60B41 /* PicImpactKit in Frameworks */ = {isa = PBXBuildFile; productRef = 20E0B2E074C6CDBFC1E20429 /* PicImpactKit */; };
/* End PBXBuildFile section */

/* Begin PBXFileReference section */
		D1850B4A18E13A8A2C9E9140 /* AppEnvironment.swift */ = {isa = PBXFileReference; lastKnownFileType = sourcecode.swift; path = AppEnvironment.swift; sourceTree = "<group>"; };
		FD627A9AAD76FB3A8A6D7DDB /* PicImpactApp.swift */ = {isa = PBXFileReference; lastKnownFileType = sourcecode.swift; path = PicImpactApp.swift; sourceTree = "<group>"; };
		D73C08992EB6D3A9B787C2D6 /* Resources/Assets.xcassets */ = {isa = PBXFileReference; lastKnownFileType = folder.assetcatalog; path = Resources/Assets.xcassets; sourceTree = "<group>"; };
		FE719673B9C90C989A3C89E0 /* Resources/Localizable.xcstrings */ = {isa = PBXFileReference; lastKnownFileType = text.json.xcstrings; path = Resources/Localizable.xcstrings; sourceTree = "<group>"; };
		F5F19BC1874D3D5D6F6DCC09 /* FelinaGallery.app */ = {isa = PBXFileReference; explicitFileType = wrapper.application; includeInIndex = 0; path = "大福映画.app"; sourceTree = BUILT_PRODUCTS_DIR; };
/* End PBXFileReference section */

/* Begin PBXFrameworksBuildPhase section */
		019BAB185F97B56993A7087D /* Frameworks */ = {
			isa = PBXFrameworksBuildPhase;
			buildActionMask = 2147483647;
			files = (
				80E258D80648DD2F5BC60B41 /* PicImpactKit in Frameworks */,
			);
			runOnlyForDeploymentPostprocessing = 0;
		};
/* End PBXFrameworksBuildPhase section */

/* Begin PBXGroup section */
		361FF3508AF23F4E0CB329EA = {
			isa = PBXGroup;
			children = (
				7824C56D1034E65D313C9FC1 /* FelinaGallery */,
				31793280A19CDC7880B10A8E /* Products */,
			);
			sourceTree = "<group>";
		};
		7824C56D1034E65D313C9FC1 /* FelinaGallery */ = {
			isa = PBXGroup;
			children = (
				D1850B4A18E13A8A2C9E9140 /* AppEnvironment.swift */,
				FD627A9AAD76FB3A8A6D7DDB /* PicImpactApp.swift */,
				D73C08992EB6D3A9B787C2D6 /* Resources/Assets.xcassets */,
				FE719673B9C90C989A3C89E0 /* Resources/Localizable.xcstrings */,
			);
			path = "FelinaGallery";
			sourceTree = "<group>";
		};
		31793280A19CDC7880B10A8E /* Products */ = {
			isa = PBXGroup;
			children = (
				F5F19BC1874D3D5D6F6DCC09 /* FelinaGallery.app */,
			);
			name = Products;
			sourceTree = "<group>";
		};
/* End PBXGroup section */

/* Begin PBXNativeTarget section */
		649EC0E160669E1922F5718F /* FelinaGallery */ = {
			isa = PBXNativeTarget;
			buildConfigurationList = A886B50DF087AEF7B87CDC65 /* Build configuration list for PBXNativeTarget "FelinaGallery" */;
			buildPhases = (
				C2511B36F0F0E810A9E46328 /* Sources */,
				019BAB185F97B56993A7087D /* Frameworks */,
				C2112B99FC6905E49DE55430 /* Resources */,
			);
			buildRules = (
			);
			dependencies = (
			);
			name = "FelinaGallery";
			packageProductDependencies = (
				20E0B2E074C6CDBFC1E20429 /* PicImpactKit */,
			);
			productName = "FelinaGallery";
			productReference = F5F19BC1874D3D5D6F6DCC09 /* FelinaGallery.app */;
			productType = "com.apple.product-type.application";
		};
/* End PBXNativeTarget section */

/* Begin PBXProject section */
		367D7F9E1B1F0DDC79C2A403 /* Project object */ = {
			isa = PBXProject;
			attributes = {
				BuildIndependentTargetsInParallel = 1;
				LastSwiftUpdateCheck = 2650;
				LastUpgradeCheck = 2650;
				TargetAttributes = {
					649EC0E160669E1922F5718F = {
						CreatedOnToolsVersion = 26.5;
					};
				};
			};
			buildConfigurationList = 26E84C2B3712F7DFAC8AD93F /* Build configuration list for PBXProject "FelinaGallery" */;
			compatibilityVersion = "Xcode 14.0";
			developmentRegion = zh;
			hasScannedForEncodings = 0;
			knownRegions = (
				zh,
				en,
				ja,
				"zh-Hant",
				Base,
			);
			mainGroup = 361FF3508AF23F4E0CB329EA;
			packageReferences = (
				54F313B0B980E235D2D29BF5 /* XCLocalSwiftPackageReference "PicImpactKit" */,
			);
			productRefGroup = 31793280A19CDC7880B10A8E /* Products */;
			projectDirPath = "";
			projectRoot = "";
			targets = (
				649EC0E160669E1922F5718F /* FelinaGallery */,
			);
		};
/* End PBXProject section */

/* Begin PBXResourcesBuildPhase section */
		C2112B99FC6905E49DE55430 /* Resources */ = {
			isa = PBXResourcesBuildPhase;
			buildActionMask = 2147483647;
			files = (
				0B41E8445712D1BAB920ACE7 /* Resources/Assets.xcassets in Resources */,
				BA8E772C6ADFB26A720EA0B8 /* Resources/Localizable.xcstrings in Resources */,
			);
			runOnlyForDeploymentPostprocessing = 0;
		};
/* End PBXResourcesBuildPhase section */

/* Begin PBXSourcesBuildPhase section */
		C2511B36F0F0E810A9E46328 /* Sources */ = {
			isa = PBXSourcesBuildPhase;
			buildActionMask = 2147483647;
			files = (
				8459C49DD0190DDA25B88360 /* AppEnvironment.swift in Sources */,
				B559DA1591FD181A13506091 /* PicImpactApp.swift in Sources */,
			);
			runOnlyForDeploymentPostprocessing = 0;
		};
/* End PBXSourcesBuildPhase section */

/* Begin XCBuildConfiguration section */
		5D9646B92BECD8E12745F5D8 /* Debug */ = {
			isa = XCBuildConfiguration;
			buildSettings = {
				ALWAYS_SEARCH_USER_PATHS = NO;
				CLANG_ENABLE_MODULES = YES;
				CLANG_ENABLE_OBJC_ARC = YES;
				COPY_PHASE_STRIP = NO;
				DEBUG_INFORMATION_FORMAT = dwarf;
				ENABLE_STRICT_OBJC_MSGSEND = YES;
				ENABLE_TESTABILITY = YES;
				GCC_OPTIMIZATION_LEVEL = 0;
				GCC_PREPROCESSOR_DEFINITIONS = (
					"DEBUG=1",
					"$(inherited)",
				);
				IPHONEOS_DEPLOYMENT_TARGET = 17.0;
				MTL_ENABLE_DEBUG_INFO = INCLUDE_SOURCE;
				ONLY_ACTIVE_ARCH = YES;
				SDKROOT = iphoneos;
				SWIFT_ACTIVE_COMPILATION_CONDITIONS = "DEBUG $(inherited)";
				SWIFT_OPTIMIZATION_LEVEL = "-Onone";
				SWIFT_VERSION = 6.0;
			};
			name = Debug;
		};
		CD9F4402628F5CE896A395E6 /* Release */ = {
			isa = XCBuildConfiguration;
			buildSettings = {
				ALWAYS_SEARCH_USER_PATHS = NO;
				CLANG_ENABLE_MODULES = YES;
				CLANG_ENABLE_OBJC_ARC = YES;
				COPY_PHASE_STRIP = NO;
				DEBUG_INFORMATION_FORMAT = "dwarf-with-dsym";
				ENABLE_NS_ASSERTIONS = NO;
				ENABLE_STRICT_OBJC_MSGSEND = YES;
				IPHONEOS_DEPLOYMENT_TARGET = 17.0;
				MTL_ENABLE_DEBUG_INFO = NO;
				SDKROOT = iphoneos;
				SWIFT_COMPILATION_MODE = wholemodule;
				SWIFT_VERSION = 6.0;
				VALIDATE_PRODUCT = YES;
			};
			name = Release;
		};
		07ADDFD2B07302882ABEF067 /* Debug */ = {
			isa = XCBuildConfiguration;
			buildSettings = {
				ASSETCATALOG_COMPILER_APPICON_NAME = AppIcon;
				CODE_SIGN_STYLE = Automatic;
				CURRENT_PROJECT_VERSION = 1;
				DEVELOPMENT_TEAM = VX3SCAKB5K;
				ENABLE_PREVIEWS = YES;
				GENERATE_INFOPLIST_FILE = YES;
				INFOPLIST_KEY_CFBundleDisplayName = "大福映画";
				INFOPLIST_KEY_LSApplicationCategoryType = "public.app-category.magazines-and-newspapers";
				// 只用标准 HTTPS，属出口合规豁免 —— 声明后上传时不再被问
				INFOPLIST_KEY_ITSAppUsesNonExemptEncryption = NO;
				INFOPLIST_KEY_NSPhotoLibraryAddUsageDescription = "保存照片到你的相册";
				INFOPLIST_KEY_UIApplicationSceneManifest_Generation = YES;
				INFOPLIST_KEY_UILaunchScreen_Generation = YES;
				INFOPLIST_KEY_UISupportedInterfaceOrientations = "UIInterfaceOrientationPortrait UIInterfaceOrientationLandscapeLeft UIInterfaceOrientationLandscapeRight";
				LD_RUNPATH_SEARCH_PATHS = (
					"$(inherited)",
					"@executable_path/Frameworks",
				);
				MARKETING_VERSION = 1.0;
				PRODUCT_BUNDLE_IDENTIFIER = dev.boxz.felina;
				PRODUCT_NAME = "大福映画";
				SWIFT_EMIT_LOC_STRINGS = YES;
				SWIFT_VERSION = 6.0;
				TARGETED_DEVICE_FAMILY = "1,2";
			};
			name = Debug;
		};
		ED3C3ED09445EDB2BB2772BD /* Release */ = {
			isa = XCBuildConfiguration;
			buildSettings = {
				ASSETCATALOG_COMPILER_APPICON_NAME = AppIcon;
				CODE_SIGN_STYLE = Automatic;
				CURRENT_PROJECT_VERSION = 1;
				DEVELOPMENT_TEAM = VX3SCAKB5K;
				ENABLE_PREVIEWS = YES;
				GENERATE_INFOPLIST_FILE = YES;
				INFOPLIST_KEY_CFBundleDisplayName = "大福映画";
				INFOPLIST_KEY_LSApplicationCategoryType = "public.app-category.magazines-and-newspapers";
				// 只用标准 HTTPS，属出口合规豁免 —— 声明后上传时不再被问
				INFOPLIST_KEY_ITSAppUsesNonExemptEncryption = NO;
				INFOPLIST_KEY_NSPhotoLibraryAddUsageDescription = "保存照片到你的相册";
				INFOPLIST_KEY_UIApplicationSceneManifest_Generation = YES;
				INFOPLIST_KEY_UILaunchScreen_Generation = YES;
				INFOPLIST_KEY_UISupportedInterfaceOrientations = "UIInterfaceOrientationPortrait UIInterfaceOrientationLandscapeLeft UIInterfaceOrientationLandscapeRight";
				LD_RUNPATH_SEARCH_PATHS = (
					"$(inherited)",
					"@executable_path/Frameworks",
				);
				MARKETING_VERSION = 1.0;
				PRODUCT_BUNDLE_IDENTIFIER = dev.boxz.felina;
				PRODUCT_NAME = "大福映画";
				SWIFT_EMIT_LOC_STRINGS = YES;
				SWIFT_VERSION = 6.0;
				TARGETED_DEVICE_FAMILY = "1,2";
			};
			name = Release;
		};
/* End XCBuildConfiguration section */

/* Begin XCConfigurationList section */
		26E84C2B3712F7DFAC8AD93F /* Build configuration list for PBXProject "FelinaGallery" */ = {
			isa = XCConfigurationList;
			buildConfigurations = (
				5D9646B92BECD8E12745F5D8 /* Debug */,
				CD9F4402628F5CE896A395E6 /* Release */,
			);
			defaultConfigurationIsVisible = 0;
			defaultConfigurationName = Release;
		};
		A886B50DF087AEF7B87CDC65 /* Build configuration list for PBXNativeTarget "FelinaGallery" */ = {
			isa = XCConfigurationList;
			buildConfigurations = (
				07ADDFD2B07302882ABEF067 /* Debug */,
				ED3C3ED09445EDB2BB2772BD /* Release */,
			);
			defaultConfigurationIsVisible = 0;
			defaultConfigurationName = Release;
		};
/* End XCConfigurationList section */

/* Begin XCLocalSwiftPackageReference section */
		54F313B0B980E235D2D29BF5 /* XCLocalSwiftPackageReference "PicImpactKit" */ = {
			isa = XCLocalSwiftPackageReference;
			relativePath = PicImpactKit;
		};
/* End XCLocalSwiftPackageReference section */

/* Begin XCSwiftPackageProductDependency section */
		20E0B2E074C6CDBFC1E20429 /* PicImpactKit */ = {
			isa = XCSwiftPackageProductDependency;
			productName = PicImpactKit;
		};
/* End XCSwiftPackageProductDependency section */
	};
	rootObject = 367D7F9E1B1F0DDC79C2A403 /* Project object */;
}
